
Microsoft Visual Studio Solution File, Format Version 12.00
# Visual Studio Version 17
VisualStudioVersion = 17.2.32516.85
MinimumVisualStudioVersion = 10.0.40219.1
Project("{9A19103F-16F7-4668-BE54-9A1E7A4F7556}") = "PPO", "PPO.csproj", "{DDCEB281-C949-43BC-8348-7FF81E06EB96}"
EndProject
Project("{9A19103F-16F7-4668-BE54-9A1E7A4F7556}") = "TestPPO", "TestPPO\TestPPO.csproj", "{B03FB62A-F03B-4D7D-AF87-EFD5CA181BE7}"
EndProject
Project("{FAE04EC0-301F-11D3-BF4B-00C04F79EFBC}") = "CLI", "CLI\CLI.csproj", "{4FFBBA21-363B-4F36-8AA8-028D9B884BEA}"
EndProject
Global
	GlobalSection(SolutionConfigurationPlatforms) = preSolution
		Debug|Any CPU = Debug|Any CPU
		Release|Any CPU = Release|Any CPU
	EndGlobalSection
	GlobalSection(ProjectConfigurationPlatforms) = postSolution
		{DDCEB281-C949-43BC-8348-7FF81E06EB96}.Debug|Any CPU.ActiveCfg = Debug|Any CPU
		{DDCEB281-C949-43BC-8348-7FF81E06EB96}.Debug|Any CPU.Build.0 = Debug|Any CPU
		{DDCEB281-C949-43BC-8348-7FF81E06EB96}.Release|Any CPU.ActiveCfg = Release|Any CPU
		{DDCEB281-C949-43BC-8348-7FF81E06EB96}.Release|Any CPU.Build.0 = Release|Any CPU
		{B03FB62A-F03B-4D7D-AF87-EFD5CA181BE7}.Debug|Any CPU.ActiveCfg = Debug|Any CPU
		{B03FB62A-F03B-4D7D-AF87-EFD5CA181BE7}.Debug|Any CPU.Build.0 = Debug|Any CPU
		{B03FB62A-F03B-4D7D-AF87-EFD5CA181BE7}.Release|Any CPU.ActiveCfg = Release|Any CPU
		{B03FB62A-F03B-4D7D-AF87-EFD5CA181BE7}.Release|Any CPU.Build.0 = Release|Any CPU
		{4FFBBA21-363B-4F36-8AA8-028D9B884BEA}.Debug|Any CPU.ActiveCfg = Debug|Any CPU
		{4FFBBA21-363B-4F36-8AA8-028D9B884BEA}.Debug|Any CPU.Build.0 = Debug|Any CPU
		{4FFBBA21-363B-4F36-8AA8-028D9B884BEA}.Release|Any CPU.ActiveCfg = Release|Any CPU
		{4FFBBA21-363B-4F36-8AA8-028D9B884BEA}.Release|Any CPU.Build.0 = Release|Any CPU
	EndGlobalSection
	GlobalSection(SolutionProperties) = preSolution
		HideSolutionNode = FALSE
	EndGlobalSection
	GlobalSection(ExtensibilityGlobals) = postSolution
		SolutionGuid = {56B4D1B2-4B30-4203-A029-ADE67899B6CB}
	EndGlobalSection
EndGlobal
